
Microsoft Visual Studio Solution File, Format Version 12.00
# Visual Studio Version 17
VisualStudioVersion = 17.7.34221.43
MinimumVisualStudioVersion = 10.0.40219.1
Project("{FAE04EC0-301F-11D3-BF4B-00C04F79EFBC}") = "CS311_Project2_ABE", "CS311_Project2_ABE.csproj", "{0716AFE0-D5ED-49C6-A46A-278DA9FB5E30}"
EndProject
Global
	GlobalSection(SolutionConfigurationPlatforms) = preSolution
		Debug|Any CPU = Debug|Any CPU
		Release|Any CPU = Release|Any CPU
	EndGlobalSection
	GlobalSection(ProjectConfigurationPlatforms) = postSolution
		{0716AFE0-D5ED-49C6-A46A-278DA9FB5E30}.Debug|Any CPU.ActiveCfg = Debug|Any CPU
		{0716AFE0-D5ED-49C6-A46A-278DA9FB5E30}.Debug|Any CPU.Build.0 = Debug|Any CPU
		{0716AFE0-D5ED-49C6-A46A-278DA9FB5E30}.Release|Any CPU.ActiveCfg = Release|Any CPU
		{0716AFE0-D5ED-49C6-A46A-278DA9FB5E30}.Release|Any CPU.Build.0 = Release|Any CPU
	EndGlobalSection
	GlobalSection(SolutionProperties) = preSolution
		HideSolutionNode = FALSE
	EndGlobalSection
	GlobalSection(ExtensibilityGlobals) = postSolution
		SolutionGuid = {9CD189D9-F8A5-4894-8869-627CF0065556}
	EndGlobalSection
EndGlobal
